
Microsoft Visual Studio Solution File, Format Version 11.00
# Visual Studio 2010
Project("{FAE04EC0-301F-11D3-BF4B-00C04F79EFBC}") = "CPI311", "CPI311\CPI311\CPI311.csproj", "{605840BF-F9B1-4559-BAC5-5782ECECCDDC}"
	ProjectSection(ProjectDependencies) = postProject
		{4636C7E1-B845-4B83-B96D-64A11B8A4515} = {4636C7E1-B845-4B83-B96D-64A11B8A4515}
	EndProjectSection
EndProject
Project("{FAE04EC0-301F-11D3-BF4B-00C04F79EFBC}") = "CPI311Content", "CPI311\CPI311Content\CPI311Content.contentproj", "{17921061-16D3-47FA-9597-81960AC41DB9}"
EndProject
Project("{FAE04EC0-301F-11D3-BF4B-00C04F79EFBC}") = "Common", "Common\Common.csproj", "{C8C06E98-B2A6-40FC-9CEA-ACD05656671E}"
EndProject
Project("{FAE04EC0-301F-11D3-BF4B-00C04F79EFBC}") = "SkinnedModelWindows", "SkinnedModel\SkinnedModelWindows.csproj", "{0D41E29B-829F-4255-BCA5-64DC2677DA6D}"
EndProject
Project("{FAE04EC0-301F-11D3-BF4B-00C04F79EFBC}") = "SkinnedModelPipeline", "SkinnedModelPipeline\SkinnedModelPipeline.csproj", "{4636C7E1-B845-4B83-B96D-64A11B8A4515}"
EndProject
Global
	GlobalSection(SolutionConfigurationPlatforms) = preSolution
		Debug|x86 = Debug|x86
		Debug|Xbox 360 = Debug|Xbox 360
		Release|x86 = Release|x86
		Release|Xbox 360 = Release|Xbox 360
	EndGlobalSection
	GlobalSection(ProjectConfigurationPlatforms) = postSolution
		{605840BF-F9B1-4559-BAC5-5782ECECCDDC}.Debug|x86.ActiveCfg = Debug|x86
		{605840BF-F9B1-4559-BAC5-5782ECECCDDC}.Debug|x86.Build.0 = Debug|x86
		{605840BF-F9B1-4559-BAC5-5782ECECCDDC}.Debug|Xbox 360.ActiveCfg = Debug|x86
		{605840BF-F9B1-4559-BAC5-5782ECECCDDC}.Release|x86.ActiveCfg = Release|x86
		{605840BF-F9B1-4559-BAC5-5782ECECCDDC}.Release|x86.Build.0 = Release|x86
		{605840BF-F9B1-4559-BAC5-5782ECECCDDC}.Release|Xbox 360.ActiveCfg = Release|x86
		{17921061-16D3-47FA-9597-81960AC41DB9}.Debug|x86.ActiveCfg = Debug|x86
		{17921061-16D3-47FA-9597-81960AC41DB9}.Debug|Xbox 360.ActiveCfg = Debug|x86
		{17921061-16D3-47FA-9597-81960AC41DB9}.Release|x86.ActiveCfg = Release|x86
		{17921061-16D3-47FA-9597-81960AC41DB9}.Release|Xbox 360.ActiveCfg = Release|x86
		{C8C06E98-B2A6-40FC-9CEA-ACD05656671E}.Debug|x86.ActiveCfg = Debug|x86
		{C8C06E98-B2A6-40FC-9CEA-ACD05656671E}.Debug|x86.Build.0 = Debug|x86
		{C8C06E98-B2A6-40FC-9CEA-ACD05656671E}.Debug|Xbox 360.ActiveCfg = Debug|x86
		{C8C06E98-B2A6-40FC-9CEA-ACD05656671E}.Release|x86.ActiveCfg = Release|x86
		{C8C06E98-B2A6-40FC-9CEA-ACD05656671E}.Release|x86.Build.0 = Release|x86
		{C8C06E98-B2A6-40FC-9CEA-ACD05656671E}.Release|Xbox 360.ActiveCfg = Release|x86
		{0D41E29B-829F-4255-BCA5-64DC2677DA6D}.Debug|x86.ActiveCfg = Debug|x86
		{0D41E29B-829F-4255-BCA5-64DC2677DA6D}.Debug|x86.Build.0 = Debug|x86
		{0D41E29B-829F-4255-BCA5-64DC2677DA6D}.Debug|Xbox 360.ActiveCfg = Debug|Xbox 360
		{0D41E29B-829F-4255-BCA5-64DC2677DA6D}.Debug|Xbox 360.Build.0 = Debug|Xbox 360
		{0D41E29B-829F-4255-BCA5-64DC2677DA6D}.Release|x86.ActiveCfg = Release|x86
		{0D41E29B-829F-4255-BCA5-64DC2677DA6D}.Release|x86.Build.0 = Release|x86
		{0D41E29B-829F-4255-BCA5-64DC2677DA6D}.Release|Xbox 360.ActiveCfg = Release|Xbox 360
		{0D41E29B-829F-4255-BCA5-64DC2677DA6D}.Release|Xbox 360.Build.0 = Release|Xbox 360
		{4636C7E1-B845-4B83-B96D-64A11B8A4515}.Debug|x86.ActiveCfg = Debug|x86
		{4636C7E1-B845-4B83-B96D-64A11B8A4515}.Debug|x86.Build.0 = Debug|x86
		{4636C7E1-B845-4B83-B96D-64A11B8A4515}.Debug|Xbox 360.ActiveCfg = Debug|x86
		{4636C7E1-B845-4B83-B96D-64A11B8A4515}.Debug|Xbox 360.Build.0 = Debug|x86
		{4636C7E1-B845-4B83-B96D-64A11B8A4515}.Release|x86.ActiveCfg = Debug|x86
		{4636C7E1-B845-4B83-B96D-64A11B8A4515}.Release|x86.Build.0 = Debug|x86
		{4636C7E1-B845-4B83-B96D-64A11B8A4515}.Release|Xbox 360.ActiveCfg = Debug|x86
		{4636C7E1-B845-4B83-B96D-64A11B8A4515}.Release|Xbox 360.Build.0 = Debug|x86
	EndGlobalSection
	GlobalSection(SolutionProperties) = preSolution
		HideSolutionNode = FALSE
	EndGlobalSection
EndGlobal
